
Microsoft Visual Studio Solution File, Format Version 12.00
# Visual Studio Version 17
VisualStudioVersion = 17.5.33530.505
MinimumVisualStudioVersion = 10.0.40219.1
Project("{FAE04EC0-301F-11D3-BF4B-00C04F79EFBC}") = "Clinic form", "Clinic form\Clinic form.csproj", "{518731AD-DE09-4696-8107-54AB58D4355C}"
EndProject
Global
	GlobalSection(SolutionConfigurationPlatforms) = preSolution
		Debug|Any CPU = Debug|Any CPU
		Release|Any CPU = Release|Any CPU
	EndGlobalSection
	GlobalSection(ProjectConfigurationPlatforms) = postSolution
		{518731AD-DE09-4696-8107-54AB58D4355C}.Debug|Any CPU.ActiveCfg = Debug|Any CPU
		{518731AD-DE09-4696-8107-54AB58D4355C}.Debug|Any CPU.Build.0 = Debug|Any CPU
		{518731AD-DE09-4696-8107-54AB58D4355C}.Release|Any CPU.ActiveCfg = Release|Any CPU
		{518731AD-DE09-4696-8107-54AB58D4355C}.Release|Any CPU.Build.0 = Release|Any CPU
	EndGlobalSection
	GlobalSection(SolutionProperties) = preSolution
		HideSolutionNode = FALSE
	EndGlobalSection
	GlobalSection(ExtensibilityGlobals) = postSolution
		SolutionGuid = {5330CCCA-5968-4AC2-BCAA-89B24B72A42B}
	EndGlobalSection
EndGlobal
